
Microsoft Visual Studio Solution File, Format Version 12.00
# Visual Studio Version 16
VisualStudioVersion = 16.0.31025.194
MinimumVisualStudioVersion = 10.0.40219.1
Project("{8BC9CEB8-8B4A-11D0-8D11-00A0C91BC942}") = "testes", "testes\testes.vcxproj", "{A462F318-7D54-4F6D-B0E4-CF9CAB9773D9}"
EndProject
Global
	GlobalSection(SolutionConfigurationPlatforms) = preSolution
		Debug|x64 = Debug|x64
		Debug|x86 = Debug|x86
		Release|x64 = Release|x64
		Release|x86 = Release|x86
	EndGlobalSection
	GlobalSection(ProjectConfigurationPlatforms) = postSolution
		{A462F318-7D54-4F6D-B0E4-CF9CAB9773D9}.Debug|x64.ActiveCfg = Debug|x64
		{A462F318-7D54-4F6D-B0E4-CF9CAB9773D9}.Debug|x64.Build.0 = Debug|x64
		{A462F318-7D54-4F6D-B0E4-CF9CAB9773D9}.Debug|x86.ActiveCfg = Debug|Win32
		{A462F318-7D54-4F6D-B0E4-CF9CAB9773D9}.Debug|x86.Build.0 = Debug|Win32
		{A462F318-7D54-4F6D-B0E4-CF9CAB9773D9}.Release|x64.ActiveCfg = Release|x64
		{A462F318-7D54-4F6D-B0E4-CF9CAB9773D9}.Release|x64.Build.0 = Release|x64
		{A462F318-7D54-4F6D-B0E4-CF9CAB9773D9}.Release|x86.ActiveCfg = Release|Win32
		{A462F318-7D54-4F6D-B0E4-CF9CAB9773D9}.Release|x86.Build.0 = Release|Win32
	EndGlobalSection
	GlobalSection(SolutionProperties) = preSolution
		HideSolutionNode = FALSE
	EndGlobalSection
	GlobalSection(ExtensibilityGlobals) = postSolution
		SolutionGuid = {DB515443-C5C2-4190-B70D-BADA37A44ED0}
	EndGlobalSection
EndGlobal
